
Microsoft Visual Studio Solution File, Format Version 12.00
# Visual Studio Version 16
VisualStudioVersion = 16.0.31205.134
MinimumVisualStudioVersion = 10.0.40219.1
Project("{9A19103F-16F7-4668-BE54-9A1E7A4F7556}") = "Lab1-2", "Lab\Lab1-2.csproj", "{A1D92DE3-4E13-4E55-A42E-DC01AD850331}"
EndProject
Project("{9A19103F-16F7-4668-BE54-9A1E7A4F7556}") = "Entity_API", "Entity_API\Entity_API.csproj", "{364EC28E-6BA8-4A4E-B216-7C1C96252F9A}"
EndProject
Project("{9A19103F-16F7-4668-BE54-9A1E7A4F7556}") = "Lab4-5", "..\Lab4-5\Lab4-5\Lab4-5.csproj", "{F8CB3F14-931C-4C29-944E-E4DED8C95270}"
EndProject
Project("{9A19103F-16F7-4668-BE54-9A1E7A4F7556}") = "Lab4-5.Service", "..\Lab4-5\Lab-4.5.Service\Lab4-5.Service.csproj", "{EBCAC2E6-8B32-463E-BEC2-42F3B700102E}"
EndProject
Project("{9A19103F-16F7-4668-BE54-9A1E7A4F7556}") = "Lab4-5.Data", "..\Lab4-5\Lab4-5.Data\Lab4-5.Data.csproj", "{D207E875-A2A3-4189-9E2A-F91B0F5B3817}"
EndProject
Global
	GlobalSection(SolutionConfigurationPlatforms) = preSolution
		Debug|Any CPU = Debug|Any CPU
		Release|Any CPU = Release|Any CPU
	EndGlobalSection
	GlobalSection(ProjectConfigurationPlatforms) = postSolution
		{A1D92DE3-4E13-4E55-A42E-DC01AD850331}.Debug|Any CPU.ActiveCfg = Debug|Any CPU
		{A1D92DE3-4E13-4E55-A42E-DC01AD850331}.Debug|Any CPU.Build.0 = Debug|Any CPU
		{A1D92DE3-4E13-4E55-A42E-DC01AD850331}.Release|Any CPU.ActiveCfg = Release|Any CPU
		{A1D92DE3-4E13-4E55-A42E-DC01AD850331}.Release|Any CPU.Build.0 = Release|Any CPU
		{364EC28E-6BA8-4A4E-B216-7C1C96252F9A}.Debug|Any CPU.ActiveCfg = Debug|Any CPU
		{364EC28E-6BA8-4A4E-B216-7C1C96252F9A}.Debug|Any CPU.Build.0 = Debug|Any CPU
		{364EC28E-6BA8-4A4E-B216-7C1C96252F9A}.Release|Any CPU.ActiveCfg = Release|Any CPU
		{364EC28E-6BA8-4A4E-B216-7C1C96252F9A}.Release|Any CPU.Build.0 = Release|Any CPU
		{F8CB3F14-931C-4C29-944E-E4DED8C95270}.Debug|Any CPU.ActiveCfg = Debug|Any CPU
		{F8CB3F14-931C-4C29-944E-E4DED8C95270}.Debug|Any CPU.Build.0 = Debug|Any CPU
		{F8CB3F14-931C-4C29-944E-E4DED8C95270}.Release|Any CPU.ActiveCfg = Release|Any CPU
		{F8CB3F14-931C-4C29-944E-E4DED8C95270}.Release|Any CPU.Build.0 = Release|Any CPU
		{EBCAC2E6-8B32-463E-BEC2-42F3B700102E}.Debug|Any CPU.ActiveCfg = Debug|Any CPU
		{EBCAC2E6-8B32-463E-BEC2-42F3B700102E}.Debug|Any CPU.Build.0 = Debug|Any CPU
		{EBCAC2E6-8B32-463E-BEC2-42F3B700102E}.Release|Any CPU.ActiveCfg = Release|Any CPU
		{EBCAC2E6-8B32-463E-BEC2-42F3B700102E}.Release|Any CPU.Build.0 = Release|Any CPU
		{D207E875-A2A3-4189-9E2A-F91B0F5B3817}.Debug|Any CPU.ActiveCfg = Debug|Any CPU
		{D207E875-A2A3-4189-9E2A-F91B0F5B3817}.Debug|Any CPU.Build.0 = Debug|Any CPU
		{D207E875-A2A3-4189-9E2A-F91B0F5B3817}.Release|Any CPU.ActiveCfg = Release|Any CPU
		{D207E875-A2A3-4189-9E2A-F91B0F5B3817}.Release|Any CPU.Build.0 = Release|Any CPU
	EndGlobalSection
	GlobalSection(SolutionProperties) = preSolution
		HideSolutionNode = FALSE
	EndGlobalSection
	GlobalSection(ExtensibilityGlobals) = postSolution
		SolutionGuid = {323C2DAF-C15B-4163-9E76-2AE48726A087}
	EndGlobalSection
EndGlobal
